
Microsoft Visual Studio Solution File, Format Version 12.00
# Visual Studio Version 17
VisualStudioVersion = 17.5.33516.290
MinimumVisualStudioVersion = 10.0.40219.1
Project("{FAE04EC0-301F-11D3-BF4B-00C04F79EFBC}") = "Task_5", "Task_5\Task_5.csproj", "{DAC6D068-4641-4655-B6C3-389280E25530}"
EndProject
Project("{FAE04EC0-301F-11D3-BF4B-00C04F79EFBC}") = "Task_3", "Task_3\Task_3.csproj", "{BEA0E0CE-CFB6-4983-9819-C623E85CA20E}"
EndProject
Project("{FAE04EC0-301F-11D3-BF4B-00C04F79EFBC}") = "Task_2", "Task_2\Task_2.csproj", "{DF595482-1A4A-4294-B058-8E3B5326C9EA}"
EndProject
Global
	GlobalSection(SolutionConfigurationPlatforms) = preSolution
		Debug|Any CPU = Debug|Any CPU
		Release|Any CPU = Release|Any CPU
	EndGlobalSection
	GlobalSection(ProjectConfigurationPlatforms) = postSolution
		{DAC6D068-4641-4655-B6C3-389280E25530}.Debug|Any CPU.ActiveCfg = Debug|Any CPU
		{DAC6D068-4641-4655-B6C3-389280E25530}.Debug|Any CPU.Build.0 = Debug|Any CPU
		{DAC6D068-4641-4655-B6C3-389280E25530}.Release|Any CPU.ActiveCfg = Release|Any CPU
		{DAC6D068-4641-4655-B6C3-389280E25530}.Release|Any CPU.Build.0 = Release|Any CPU
		{BEA0E0CE-CFB6-4983-9819-C623E85CA20E}.Debug|Any CPU.ActiveCfg = Debug|Any CPU
		{BEA0E0CE-CFB6-4983-9819-C623E85CA20E}.Debug|Any CPU.Build.0 = Debug|Any CPU
		{BEA0E0CE-CFB6-4983-9819-C623E85CA20E}.Release|Any CPU.ActiveCfg = Release|Any CPU
		{BEA0E0CE-CFB6-4983-9819-C623E85CA20E}.Release|Any CPU.Build.0 = Release|Any CPU
		{DF595482-1A4A-4294-B058-8E3B5326C9EA}.Debug|Any CPU.ActiveCfg = Debug|Any CPU
		{DF595482-1A4A-4294-B058-8E3B5326C9EA}.Debug|Any CPU.Build.0 = Debug|Any CPU
		{DF595482-1A4A-4294-B058-8E3B5326C9EA}.Release|Any CPU.ActiveCfg = Release|Any CPU
		{DF595482-1A4A-4294-B058-8E3B5326C9EA}.Release|Any CPU.Build.0 = Release|Any CPU
	EndGlobalSection
	GlobalSection(SolutionProperties) = preSolution
		HideSolutionNode = FALSE
	EndGlobalSection
	GlobalSection(ExtensibilityGlobals) = postSolution
		SolutionGuid = {D31A60D8-50F1-4B81-A4F0-C0559F1755B0}
	EndGlobalSection
EndGlobal
